
Microsoft Visual Studio Solution File, Format Version 12.00
# Visual Studio 15
VisualStudioVersion = 15.0.27130.2010
MinimumVisualStudioVersion = 10.0.40219.1
Project("{8BC9CEB8-8B4A-11D0-8D11-00A0C91BC942}") = "Primes", "Primes.vcxproj", "{384EB889-209B-4956-9009-05E162664445}"
EndProject
Project("{8BC9CEB8-8B4A-11D0-8D11-00A0C91BC942}") = "Primes-GTest", "Primes-GTest\Primes-GTest.vcxproj", "{ABEAD88C-B649-415C-A177-CAB8DFE7F23A}"
EndProject
Global
	GlobalSection(SolutionConfigurationPlatforms) = preSolution
		Debug|x64 = Debug|x64
		Debug|x86 = Debug|x86
		Release|x64 = Release|x64
		Release|x86 = Release|x86
	EndGlobalSection
	GlobalSection(ProjectConfigurationPlatforms) = postSolution
		{384EB889-209B-4956-9009-05E162664445}.Debug|x64.ActiveCfg = Debug|x64
		{384EB889-209B-4956-9009-05E162664445}.Debug|x64.Build.0 = Debug|x64
		{384EB889-209B-4956-9009-05E162664445}.Debug|x86.ActiveCfg = Debug|Win32
		{384EB889-209B-4956-9009-05E162664445}.Debug|x86.Build.0 = Debug|Win32
		{384EB889-209B-4956-9009-05E162664445}.Release|x64.ActiveCfg = Release|x64
		{384EB889-209B-4956-9009-05E162664445}.Release|x64.Build.0 = Release|x64
		{384EB889-209B-4956-9009-05E162664445}.Release|x86.ActiveCfg = Release|Win32
		{384EB889-209B-4956-9009-05E162664445}.Release|x86.Build.0 = Release|Win32
		{ABEAD88C-B649-415C-A177-CAB8DFE7F23A}.Debug|x64.ActiveCfg = Debug|x64
		{ABEAD88C-B649-415C-A177-CAB8DFE7F23A}.Debug|x64.Build.0 = Debug|x64
		{ABEAD88C-B649-415C-A177-CAB8DFE7F23A}.Debug|x86.ActiveCfg = Debug|Win32
		{ABEAD88C-B649-415C-A177-CAB8DFE7F23A}.Debug|x86.Build.0 = Debug|Win32
		{ABEAD88C-B649-415C-A177-CAB8DFE7F23A}.Release|x64.ActiveCfg = Release|x64
		{ABEAD88C-B649-415C-A177-CAB8DFE7F23A}.Release|x64.Build.0 = Release|x64
		{ABEAD88C-B649-415C-A177-CAB8DFE7F23A}.Release|x86.ActiveCfg = Release|Win32
		{ABEAD88C-B649-415C-A177-CAB8DFE7F23A}.Release|x86.Build.0 = Release|Win32
	EndGlobalSection
	GlobalSection(SolutionProperties) = preSolution
		HideSolutionNode = FALSE
	EndGlobalSection
	GlobalSection(ExtensibilityGlobals) = postSolution
		SolutionGuid = {A619799A-0D1A-4D6B-90F8-3B0767FBD150}
	EndGlobalSection
EndGlobal
